
Microsoft Visual Studio Solution File, Format Version 12.00
# Visual Studio Version 17
VisualStudioVersion = 17.11.35327.3
MinimumVisualStudioVersion = 10.0.40219.1
Project("{FAE04EC0-301F-11D3-BF4B-00C04F79EFBC}") = "Examen_Daniel_delacruz_05112024", "Examen_05112024\Examen_Daniel_delacruz_05112024.csproj", "{BDE0B855-A91E-44FC-953E-EAF39699C24C}"
EndProject
Global
	GlobalSection(SolutionConfigurationPlatforms) = preSolution
		Debug|Any CPU = Debug|Any CPU
		Release|Any CPU = Release|Any CPU
	EndGlobalSection
	GlobalSection(ProjectConfigurationPlatforms) = postSolution
		{BDE0B855-A91E-44FC-953E-EAF39699C24C}.Debug|Any CPU.ActiveCfg = Debug|Any CPU
		{BDE0B855-A91E-44FC-953E-EAF39699C24C}.Debug|Any CPU.Build.0 = Debug|Any CPU
		{BDE0B855-A91E-44FC-953E-EAF39699C24C}.Release|Any CPU.ActiveCfg = Release|Any CPU
		{BDE0B855-A91E-44FC-953E-EAF39699C24C}.Release|Any CPU.Build.0 = Release|Any CPU
	EndGlobalSection
	GlobalSection(SolutionProperties) = preSolution
		HideSolutionNode = FALSE
	EndGlobalSection
	GlobalSection(ExtensibilityGlobals) = postSolution
		SolutionGuid = {BB411E9E-6B15-48E4-B10E-91FDFAF7445B}
	EndGlobalSection
EndGlobal
